
Microsoft Visual Studio Solution File, Format Version 12.00
# Visual Studio Version 17
VisualStudioVersion = 17.8.34330.188
MinimumVisualStudioVersion = 10.0.40219.1
Project("{9A19103F-16F7-4668-BE54-9A1E7A4F7556}") = "Serenity.SleekGrid", "Serenity.SleekGrid.csproj", "{B8A8940B-6770-4B51-AF29-342B7F8AC278}"
EndProject
Global
	GlobalSection(SolutionConfigurationPlatforms) = preSolution
		Debug|Any CPU = Debug|Any CPU
		Release|Any CPU = Release|Any CPU
	EndGlobalSection
	GlobalSection(ProjectConfigurationPlatforms) = postSolution
		{B8A8940B-6770-4B51-AF29-342B7F8AC278}.Debug|Any CPU.ActiveCfg = Debug|Any CPU
		{B8A8940B-6770-4B51-AF29-342B7F8AC278}.Debug|Any CPU.Build.0 = Debug|Any CPU
		{B8A8940B-6770-4B51-AF29-342B7F8AC278}.Release|Any CPU.ActiveCfg = Release|Any CPU
		{B8A8940B-6770-4B51-AF29-342B7F8AC278}.Release|Any CPU.Build.0 = Release|Any CPU
	EndGlobalSection
	GlobalSection(SolutionProperties) = preSolution
		HideSolutionNode = FALSE
	EndGlobalSection
	GlobalSection(ExtensibilityGlobals) = postSolution
		SolutionGuid = {A30BAE37-E131-4E42-8938-3AB283FDE539}
	EndGlobalSection
EndGlobal
